
Microsoft Visual Studio Solution File, Format Version 12.00
# Visual Studio Version 16
VisualStudioVersion = 16.0.30621.155
MinimumVisualStudioVersion = 10.0.40219.1
Project("{FAE04EC0-301F-11D3-BF4B-00C04F79EFBC}") = "xMinesweeper", "xMinesweeper\xMinesweeper.csproj", "{1C61E2B3-C967-4649-9EC0-AB4B65034FC6}"
EndProject
Global
	GlobalSection(SolutionConfigurationPlatforms) = preSolution
		Debug|Any CPU = Debug|Any CPU
		Release|Any CPU = Release|Any CPU
	EndGlobalSection
	GlobalSection(ProjectConfigurationPlatforms) = postSolution
		{1C61E2B3-C967-4649-9EC0-AB4B65034FC6}.Debug|Any CPU.ActiveCfg = Debug|Any CPU
		{1C61E2B3-C967-4649-9EC0-AB4B65034FC6}.Debug|Any CPU.Build.0 = Debug|Any CPU
		{1C61E2B3-C967-4649-9EC0-AB4B65034FC6}.Release|Any CPU.ActiveCfg = Release|Any CPU
		{1C61E2B3-C967-4649-9EC0-AB4B65034FC6}.Release|Any CPU.Build.0 = Release|Any CPU
	EndGlobalSection
	GlobalSection(SolutionProperties) = preSolution
		HideSolutionNode = FALSE
	EndGlobalSection
	GlobalSection(ExtensibilityGlobals) = postSolution
		SolutionGuid = {2681CE5F-D96E-49CC-A8C6-978B07CF5AA9}
	EndGlobalSection
EndGlobal
